
Microsoft Visual Studio Solution File, Format Version 12.00
# Visual Studio Version 17
VisualStudioVersion = 17.5.33516.290
MinimumVisualStudioVersion = 10.0.40219.1
Project("{54A90642-561A-4BB1-A94E-469ADEE60C69}") = "angularapp", "angularapp\angularapp.esproj", "{C3C58DAA-16EE-45E9-8FC4-F0A280723F31}"
EndProject
Project("{9A19103F-16F7-4668-BE54-9A1E7A4F7556}") = "webapi", "webapi\webapi.csproj", "{BABA1E84-02BC-4134-BC3A-39895766E753}"
EndProject
Global
	GlobalSection(SolutionConfigurationPlatforms) = preSolution
		Debug|Any CPU = Debug|Any CPU
		Release|Any CPU = Release|Any CPU
	EndGlobalSection
	GlobalSection(ProjectConfigurationPlatforms) = postSolution
		{C3C58DAA-16EE-45E9-8FC4-F0A280723F31}.Debug|Any CPU.ActiveCfg = Debug|Any CPU
		{C3C58DAA-16EE-45E9-8FC4-F0A280723F31}.Debug|Any CPU.Build.0 = Debug|Any CPU
		{C3C58DAA-16EE-45E9-8FC4-F0A280723F31}.Debug|Any CPU.Deploy.0 = Debug|Any CPU
		{C3C58DAA-16EE-45E9-8FC4-F0A280723F31}.Release|Any CPU.ActiveCfg = Release|Any CPU
		{C3C58DAA-16EE-45E9-8FC4-F0A280723F31}.Release|Any CPU.Build.0 = Release|Any CPU
		{C3C58DAA-16EE-45E9-8FC4-F0A280723F31}.Release|Any CPU.Deploy.0 = Release|Any CPU
		{BABA1E84-02BC-4134-BC3A-39895766E753}.Debug|Any CPU.ActiveCfg = Debug|Any CPU
		{BABA1E84-02BC-4134-BC3A-39895766E753}.Debug|Any CPU.Build.0 = Debug|Any CPU
		{BABA1E84-02BC-4134-BC3A-39895766E753}.Release|Any CPU.ActiveCfg = Release|Any CPU
		{BABA1E84-02BC-4134-BC3A-39895766E753}.Release|Any CPU.Build.0 = Release|Any CPU
	EndGlobalSection
	GlobalSection(SolutionProperties) = preSolution
		HideSolutionNode = FALSE
	EndGlobalSection
	GlobalSection(ExtensibilityGlobals) = postSolution
		SolutionGuid = {AF376EE1-649B-4851-8C18-9959A35F879A}
	EndGlobalSection
EndGlobal
